
Microsoft Visual Studio Solution File, Format Version 12.00
# Visual Studio Version 16
VisualStudioVersion = 16.0.30611.23
MinimumVisualStudioVersion = 10.0.40219.1
Project("{FAE04EC0-301F-11D3-BF4B-00C04F79EFBC}") = "Mezei_Dragos_Lab4", "Mezei_Dragos_Lab4\Mezei_Dragos_Lab4.csproj", "{7C9844DB-BDDE-4F61-9D52-78A2DACCB622}"
EndProject
Project("{FAE04EC0-301F-11D3-BF4B-00C04F79EFBC}") = "AutoLotModel", "AutoLotModel\AutoLotModel.csproj", "{825AA365-99F5-4B06-BDD4-5B393E271953}"
EndProject
Global
	GlobalSection(SolutionConfigurationPlatforms) = preSolution
		Debug|Any CPU = Debug|Any CPU
		Release|Any CPU = Release|Any CPU
	EndGlobalSection
	GlobalSection(ProjectConfigurationPlatforms) = postSolution
		{7C9844DB-BDDE-4F61-9D52-78A2DACCB622}.Debug|Any CPU.ActiveCfg = Debug|Any CPU
		{7C9844DB-BDDE-4F61-9D52-78A2DACCB622}.Debug|Any CPU.Build.0 = Debug|Any CPU
		{7C9844DB-BDDE-4F61-9D52-78A2DACCB622}.Release|Any CPU.ActiveCfg = Release|Any CPU
		{7C9844DB-BDDE-4F61-9D52-78A2DACCB622}.Release|Any CPU.Build.0 = Release|Any CPU
		{825AA365-99F5-4B06-BDD4-5B393E271953}.Debug|Any CPU.ActiveCfg = Debug|Any CPU
		{825AA365-99F5-4B06-BDD4-5B393E271953}.Debug|Any CPU.Build.0 = Debug|Any CPU
		{825AA365-99F5-4B06-BDD4-5B393E271953}.Release|Any CPU.ActiveCfg = Release|Any CPU
		{825AA365-99F5-4B06-BDD4-5B393E271953}.Release|Any CPU.Build.0 = Release|Any CPU
	EndGlobalSection
	GlobalSection(SolutionProperties) = preSolution
		HideSolutionNode = FALSE
	EndGlobalSection
	GlobalSection(ExtensibilityGlobals) = postSolution
		SolutionGuid = {E64FCC81-CFD4-4990-A650-C73DC7BDF4BD}
	EndGlobalSection
EndGlobal
